
Microsoft Visual Studio Solution File, Format Version 12.00
# Visual Studio Version 17
VisualStudioVersion = 17.3.32819.101
MinimumVisualStudioVersion = 10.0.40219.1
Project("{FAE04EC0-301F-11D3-BF4B-00C04F79EFBC}") = "Calculadora", "Calculadora\Calculadora.csproj", "{80311230-E8E4-475B-AFB7-5E602C01E192}"
EndProject
Global
	GlobalSection(SolutionConfigurationPlatforms) = preSolution
		Debug|Any CPU = Debug|Any CPU
		Release|Any CPU = Release|Any CPU
	EndGlobalSection
	GlobalSection(ProjectConfigurationPlatforms) = postSolution
		{80311230-E8E4-475B-AFB7-5E602C01E192}.Debug|Any CPU.ActiveCfg = Debug|Any CPU
		{80311230-E8E4-475B-AFB7-5E602C01E192}.Debug|Any CPU.Build.0 = Debug|Any CPU
		{80311230-E8E4-475B-AFB7-5E602C01E192}.Release|Any CPU.ActiveCfg = Release|Any CPU
		{80311230-E8E4-475B-AFB7-5E602C01E192}.Release|Any CPU.Build.0 = Release|Any CPU
	EndGlobalSection
	GlobalSection(SolutionProperties) = preSolution
		HideSolutionNode = FALSE
	EndGlobalSection
	GlobalSection(ExtensibilityGlobals) = postSolution
		SolutionGuid = {D13B6700-4D49-4044-803C-FECD78A09A44}
	EndGlobalSection
EndGlobal
